
Microsoft Visual Studio Solution File, Format Version 12.00
# Visual Studio Version 16
VisualStudioVersion = 16.0.29001.49
MinimumVisualStudioVersion = 10.0.40219.1
Project("{8BC9CEB8-8B4A-11D0-8D11-00A0C91BC942}") = "Algorithms.HashTable.ConsoleApp", "Algorithms.HashTable.ConsoleApp.vcxproj", "{40C4E9C2-86C7-433D-ABFB-B3C17AA8245B}"
EndProject
Global
	GlobalSection(SolutionConfigurationPlatforms) = preSolution
		Debug|x64 = Debug|x64
		Debug|x86 = Debug|x86
		Release|x64 = Release|x64
		Release|x86 = Release|x86
	EndGlobalSection
	GlobalSection(ProjectConfigurationPlatforms) = postSolution
		{40C4E9C2-86C7-433D-ABFB-B3C17AA8245B}.Debug|x64.ActiveCfg = Debug|x64
		{40C4E9C2-86C7-433D-ABFB-B3C17AA8245B}.Debug|x64.Build.0 = Debug|x64
		{40C4E9C2-86C7-433D-ABFB-B3C17AA8245B}.Debug|x86.ActiveCfg = Debug|Win32
		{40C4E9C2-86C7-433D-ABFB-B3C17AA8245B}.Debug|x86.Build.0 = Debug|Win32
		{40C4E9C2-86C7-433D-ABFB-B3C17AA8245B}.Release|x64.ActiveCfg = Release|x64
		{40C4E9C2-86C7-433D-ABFB-B3C17AA8245B}.Release|x64.Build.0 = Release|x64
		{40C4E9C2-86C7-433D-ABFB-B3C17AA8245B}.Release|x86.ActiveCfg = Release|Win32
		{40C4E9C2-86C7-433D-ABFB-B3C17AA8245B}.Release|x86.Build.0 = Release|Win32
	EndGlobalSection
	GlobalSection(SolutionProperties) = preSolution
		HideSolutionNode = FALSE
	EndGlobalSection
	GlobalSection(ExtensibilityGlobals) = postSolution
		SolutionGuid = {937D31F8-26B0-489F-B7AA-80B84E752105}
	EndGlobalSection
EndGlobal
